
Microsoft Visual Studio Solution File, Format Version 12.00
# Visual Studio Version 17
VisualStudioVersion = 17.14.36414.22
MinimumVisualStudioVersion = 10.0.40219.1
Project("{FAE04EC0-301F-11D3-BF4B-00C04F79EFBC}") = "Password_Storage.WinForms", "Password_Storage\Password_Storage.WinForms.csproj", "{1F4FAC66-EF86-89BF-42A5-7665EB0DD94D}"
EndProject
Project("{FAE04EC0-301F-11D3-BF4B-00C04F79EFBC}") = "Password_Storage.Core", "Password_Storage.Core\Password_Storage.Core.csproj", "{32E355AD-C218-CFB3-F31A-1FAE403BE481}"
EndProject
Global
	GlobalSection(SolutionConfigurationPlatforms) = preSolution
		Debug|Any CPU = Debug|Any CPU
		Release|Any CPU = Release|Any CPU
	EndGlobalSection
	GlobalSection(ProjectConfigurationPlatforms) = postSolution
		{1F4FAC66-EF86-89BF-42A5-7665EB0DD94D}.Debug|Any CPU.ActiveCfg = Debug|Any CPU
		{1F4FAC66-EF86-89BF-42A5-7665EB0DD94D}.Debug|Any CPU.Build.0 = Debug|Any CPU
		{1F4FAC66-EF86-89BF-42A5-7665EB0DD94D}.Release|Any CPU.ActiveCfg = Release|Any CPU
		{1F4FAC66-EF86-89BF-42A5-7665EB0DD94D}.Release|Any CPU.Build.0 = Release|Any CPU
		{32E355AD-C218-CFB3-F31A-1FAE403BE481}.Debug|Any CPU.ActiveCfg = Debug|Any CPU
		{32E355AD-C218-CFB3-F31A-1FAE403BE481}.Debug|Any CPU.Build.0 = Debug|Any CPU
		{32E355AD-C218-CFB3-F31A-1FAE403BE481}.Release|Any CPU.ActiveCfg = Release|Any CPU
		{32E355AD-C218-CFB3-F31A-1FAE403BE481}.Release|Any CPU.Build.0 = Release|Any CPU
	EndGlobalSection
	GlobalSection(SolutionProperties) = preSolution
		HideSolutionNode = FALSE
	EndGlobalSection
	GlobalSection(ExtensibilityGlobals) = postSolution
		SolutionGuid = {E36C43D6-0110-4037-836C-AEE0EB345D85}
	EndGlobalSection
EndGlobal
